
Microsoft Visual Studio Solution File, Format Version 12.00
# Visual Studio Version 16
VisualStudioVersion = 16.0.31205.134
MinimumVisualStudioVersion = 10.0.40219.1
Project("{FAE04EC0-301F-11D3-BF4B-00C04F79EFBC}") = "Spotify Optimizer", "Spotify Optimizer\Spotify Optimizer.csproj", "{290B0055-199B-460C-A62D-F2BCEABB5A2C}"
EndProject
Global
	GlobalSection(SolutionConfigurationPlatforms) = preSolution
		Debug|Any CPU = Debug|Any CPU
		Release|Any CPU = Release|Any CPU
	EndGlobalSection
	GlobalSection(ProjectConfigurationPlatforms) = postSolution
		{290B0055-199B-460C-A62D-F2BCEABB5A2C}.Debug|Any CPU.ActiveCfg = Debug|Any CPU
		{290B0055-199B-460C-A62D-F2BCEABB5A2C}.Debug|Any CPU.Build.0 = Debug|Any CPU
		{290B0055-199B-460C-A62D-F2BCEABB5A2C}.Release|Any CPU.ActiveCfg = Release|Any CPU
		{290B0055-199B-460C-A62D-F2BCEABB5A2C}.Release|Any CPU.Build.0 = Release|Any CPU
	EndGlobalSection
	GlobalSection(SolutionProperties) = preSolution
		HideSolutionNode = FALSE
	EndGlobalSection
	GlobalSection(ExtensibilityGlobals) = postSolution
		SolutionGuid = {0A237586-D152-4BA0-A8F2-6C1025B137F8}
	EndGlobalSection
EndGlobal
